
Microsoft Visual Studio Solution File, Format Version 12.00
# Visual Studio Version 17
VisualStudioVersion = 17.5.33502.453
MinimumVisualStudioVersion = 10.0.40219.1
Project("{FAE04EC0-301F-11D3-BF4B-00C04F79EFBC}") = "WebFileExplorer", "WebFileExplorer\WebFileExplorer.csproj", "{4A4ADCC3-5695-43CC-A52F-EE76B249660A}"
EndProject
Global
	GlobalSection(SolutionConfigurationPlatforms) = preSolution
		Debug|Any CPU = Debug|Any CPU
		Release|Any CPU = Release|Any CPU
	EndGlobalSection
	GlobalSection(ProjectConfigurationPlatforms) = postSolution
		{4A4ADCC3-5695-43CC-A52F-EE76B249660A}.Debug|Any CPU.ActiveCfg = Debug|Any CPU
		{4A4ADCC3-5695-43CC-A52F-EE76B249660A}.Debug|Any CPU.Build.0 = Debug|Any CPU
		{4A4ADCC3-5695-43CC-A52F-EE76B249660A}.Release|Any CPU.ActiveCfg = Release|Any CPU
		{4A4ADCC3-5695-43CC-A52F-EE76B249660A}.Release|Any CPU.Build.0 = Release|Any CPU
	EndGlobalSection
	GlobalSection(SolutionProperties) = preSolution
		HideSolutionNode = FALSE
	EndGlobalSection
	GlobalSection(ExtensibilityGlobals) = postSolution
		SolutionGuid = {38FFA736-C378-486B-BC4F-1E014E0738C6}
	EndGlobalSection
EndGlobal
